
Microsoft Visual Studio Solution File, Format Version 12.00
# Visual Studio Version 17
VisualStudioVersion = 17.12.35527.113
MinimumVisualStudioVersion = 10.0.40219.1
Project("{FAE04EC0-301F-11D3-BF4B-00C04F79EFBC}") = "WebDatSanPickleBall", "WebDatSanPickleBall\WebDatSanPickleBall.csproj", "{46E021CA-E1FB-43AB-9CAA-6D9719E91B4B}"
EndProject
Project("{FAE04EC0-301F-11D3-BF4B-00C04F79EFBC}") = "BLL", "BLL\BLL.csproj", "{74CA47A7-A1B7-4F19-8BB1-83F3515834A3}"
EndProject
Project("{FAE04EC0-301F-11D3-BF4B-00C04F79EFBC}") = "DAL", "DAL\DAL.csproj", "{A251996A-263C-47C6-941B-B905B1581D6F}"
EndProject
Global
	GlobalSection(SolutionConfigurationPlatforms) = preSolution
		Debug|Any CPU = Debug|Any CPU
		Release|Any CPU = Release|Any CPU
	EndGlobalSection
	GlobalSection(ProjectConfigurationPlatforms) = postSolution
		{46E021CA-E1FB-43AB-9CAA-6D9719E91B4B}.Debug|Any CPU.ActiveCfg = Debug|Any CPU
		{46E021CA-E1FB-43AB-9CAA-6D9719E91B4B}.Debug|Any CPU.Build.0 = Debug|Any CPU
		{46E021CA-E1FB-43AB-9CAA-6D9719E91B4B}.Release|Any CPU.ActiveCfg = Release|Any CPU
		{46E021CA-E1FB-43AB-9CAA-6D9719E91B4B}.Release|Any CPU.Build.0 = Release|Any CPU
		{74CA47A7-A1B7-4F19-8BB1-83F3515834A3}.Debug|Any CPU.ActiveCfg = Debug|Any CPU
		{74CA47A7-A1B7-4F19-8BB1-83F3515834A3}.Debug|Any CPU.Build.0 = Debug|Any CPU
		{74CA47A7-A1B7-4F19-8BB1-83F3515834A3}.Release|Any CPU.ActiveCfg = Release|Any CPU
		{74CA47A7-A1B7-4F19-8BB1-83F3515834A3}.Release|Any CPU.Build.0 = Release|Any CPU
		{A251996A-263C-47C6-941B-B905B1581D6F}.Debug|Any CPU.ActiveCfg = Debug|Any CPU
		{A251996A-263C-47C6-941B-B905B1581D6F}.Debug|Any CPU.Build.0 = Debug|Any CPU
		{A251996A-263C-47C6-941B-B905B1581D6F}.Release|Any CPU.ActiveCfg = Release|Any CPU
		{A251996A-263C-47C6-941B-B905B1581D6F}.Release|Any CPU.Build.0 = Release|Any CPU
	EndGlobalSection
	GlobalSection(SolutionProperties) = preSolution
		HideSolutionNode = FALSE
	EndGlobalSection
EndGlobal
